VNC PLATFORM
FINAL MASTER HARD-LOCK VERSION: v6.7.0.4

STATUS:
- LOCKED
- FROZEN
- IMMUTABLE

RULES:
- This version is the ONLY source of truth
- No feature additions
- No feature removals
- No rewrites
- No structural changes
- Changes allowed ONLY if explicitly unlocked

SCOPE:
- platform/backend
- platform/mobile
- platform/shared
- platform/ops
- platform/docs

AUTHORITATIVE LOCK:
- Architecture
- Folder structure
- File responsibilities
- Naming conventions
- Business logic boundaries

ANY VIOLATION = INVALID BUILD
